<Solution>
  <Folder Name="/AuthService/" />
  <Folder Name="/AuthService/src/">
    <Project Path="AuthService/src/FlowChat.AuthService.API/FlowChat.AuthService.API.csproj" />
    <Project Path="AuthService/src/FlowChat.AuthService.Application/FlowChat.AuthService.Application.csproj" />
    <Project Path="AuthService/src/FlowChat.AuthService.Domain/FlowChat.AuthService.Domain.csproj" />
    <Project Path="AuthService/src/FlowChat.AuthService.Infrastructure/FlowChat.AuthService.Infrastructure.csproj" />
    <Project Path="AuthService/src/FlowChat.AuthService.Persistence/FlowChat.AuthService.Persistence.csproj" />
    <Project Path="AuthService/src/FlowChat.AuthService.Worker/FlowChat.AuthService.Worker.csproj" />
  </Folder>
  <Folder Name="/AuthService/tests/">
    <Project Path="AuthService/tests/FlowChat.AuthService.AATs/FlowChat.AuthService.AATs.csproj" />
    <Project Path="AuthService/tests/FlowChat.AuthService.UnitTests/FlowChat.AuthService.UnitTests.csproj" />
  </Folder>
  <Folder Name="/ChatService/" />
  <Folder Name="/ChatService/src/">
    <Project Path="ChatService/src/FlowChat.ChatService.API/FlowChat.ChatService.API.csproj" />
    <Project Path="ChatService/src/FlowChat.ChatService.Application/FlowChat.ChatService.Application.csproj" />
    <Project Path="ChatService/src/FlowChat.ChatService.Domain/FlowChat.ChatService.Domain.csproj" />
    <Project Path="ChatService/src/FlowChat.ChatService.Infrastructure/FlowChat.ChatService.Infrastructure.csproj" />
    <Project Path="ChatService/src/FlowChat.ChatService.Persistence/FlowChat.ChatService.Persistence.csproj" />
  </Folder>
  <Folder Name="/ChatService/tests/">
    <Project Path="ChatService/tests/FlowChat.ChatService.AATs/FlowChat.ChatService.AATs.csproj" />
    <Project Path="ChatService/tests/FlowChat.ChatService.UnitTests/FlowChat.ChatService.UnitTests.csproj" />
  </Folder>
  <Folder Name="/UserProfileService/" />
  <Folder Name="/UserProfileService/src/">
    <Project Path="UserProfileService/src/FlowChat.UserProfileService.API/FlowChat.UserProfileService.API.csproj" />
    <Project Path="UserProfileService/src/FlowChat.UserProfileService.Application/FlowChat.UserProfileService.Application.csproj" />
    <Project Path="UserProfileService/src/FlowChat.UserProfileService.Domain/FlowChat.UserProfileService.Domain.csproj" />
    <Project Path="UserProfileService/src/FlowChat.UserProfileService.Infrastructure/FlowChat.UserProfileService.Infrastructure.csproj" />
    <Project Path="UserProfileService/src/FlowChat.UserProfileService.Persistence/FlowChat.UserProfileService.Persistence.csproj" />
    <Project Path="UserProfileService/src/FlowChat.UserProfileService.Worker/FlowChat.UserProfileService.Worker.csproj" />
  </Folder>
  <Folder Name="/UserProfileService/tests/">
    <Project Path="UserProfileService/tests/FlowChat.UserProfileService.AATs/FlowChat.UserProfileService.AATs.csproj" />
    <Project Path="UserProfileService/tests/FlowChat.UserProfileService.UnitTests/FlowChat.UserProfileService.UnitTests.csproj" />
  </Folder>
  <Folder Name="/NotificationService/" />
  <Folder Name="/NotificationService/src/">
    <Project Path="NotificationService/src/FlowChat.NotificationService.API/FlowChat.NotificationService.API.csproj" />
    <Project Path="NotificationService/src/FlowChat.NotificationService.Application/FlowChat.NotificationService.Application.csproj" />
    <Project Path="NotificationService/src/FlowChat.NotificationService.Domain/FlowChat.NotificationService.Domain.csproj" />
    <Project Path="NotificationService/src/FlowChat.NotificationService.Infrastructure/FlowChat.NotificationService.Infrastructure.csproj" />
    <Project Path="NotificationService/src/FlowChat.NotificationService.Persistence/FlowChat.NotificationService.Persistence.csproj" />
    <Project Path="NotificationService/src/FlowChat.NotificationService.Worker/FlowChat.NotificationService.Worker.csproj" />
  </Folder>
  <Folder Name="/NotificationService/tests/">
    <Project Path="NotificationService/tests/FlowChat.NotificationService.AATs/FlowChat.NotificationService.AATs.csproj" />
    <Project Path="NotificationService/tests/FlowChat.NotificationService.UnitTests/FlowChat.NotificationService.UnitTests.csproj" />
  </Folder>
  <Folder Name="/GatewayService/" />
  <Folder Name="/GatewayService/src/">
    <Project Path="GatewayService/src/FlowChat.GatewayService.API/FlowChat.GatewayService.API.csproj" />
  </Folder>
  <Folder Name="/GatewayService/tests/">
    <Project Path="GatewayService/tests/FlowChat.GatewayService.AATs/FlowChat.GatewayService.AATs.csproj" />
    <Project Path="GatewayService/tests/FlowChat.GatewayService.UnitTests/FlowChat.GatewayService.UnitTests.csproj" />
  </Folder>
  <Folder Name="/Common/" />
  <Folder Name="/Common/src/">
    <Project Path="Common/src/FlowChat.Application.Abstractions/FlowChat.Application.Abstractions.csproj" />
    <Project Path="Common/src/FlowChat.Domain.Abstractions/FlowChat.Domain.Abstractions.csproj" />
    <Project Path="Common/src/FlowChat.Messaging.Contracts/FlowChat.Messaging.Contracts.csproj" />
  </Folder>
  <Folder Name="/SocialGraphService/" />
  <Folder Name="/SocialGraphService/src/">
    <Project Path="SocialGraphService/src/FlowChat.SocialGraphService.API/FlowChat.SocialGraphService.API.csproj" />
    <Project Path="SocialGraphService/src/FlowChat.SocialGraphService.Application/FlowChat.SocialGraphService.Application.csproj" />
    <Project Path="SocialGraphService/src/FlowChat.SocialGraphService.Domain/FlowChat.SocialGraphService.Domain.csproj" />
    <Project Path="SocialGraphService/src/FlowChat.SocialGraphService.Infrastructure/FlowChat.SocialGraphService.Infrastructure.csproj" />
    <Project Path="SocialGraphService/src/FlowChat.SocialGraphService.Persistence/FlowChat.SocialGraphService.Persistence.csproj" />
    <Project Path="SocialGraphService/src/FlowChat.SocialGraphService.Worker/FlowChat.SocialGraphService.Worker.csproj" />
  </Folder>
  <Folder Name="/SocialGraphService/tests/">
    <Project Path="SocialGraphService/tests/FlowChat.SocialGraphService.AATs/FlowChat.SocialGraphService.AATs.csproj" />
    <Project Path="SocialGraphService/tests/FlowChat.SocialGraphService.UnitTests/FlowChat.SocialGraphService.UnitTests.csproj" />
  </Folder>
  <Folder Name="/ReactClient/" />
</Solution>
