<Solution>
  <Folder Name="/src/">
    <Project Path="src/FlowChat.ChatService.API/FlowChat.ChatService.API.csproj" />
    <Project Path="src/FlowChat.ChatService.Application/FlowChat.ChatService.Application.csproj" />
    <Project Path="src/FlowChat.ChatService.Domain/FlowChat.ChatService.Domain.csproj" />
    <Project Path="src/FlowChat.ChatService.Infrastructure/FlowChat.ChatService.Infrastructure.csproj" />
    <Project Path="src/FlowChat.ChatService.Persistence/FlowChat.ChatService.Persistence.csproj" />
  </Folder>
  <Folder Name="/tests/">
    <Project Path="tests/FlowChat.ChatService.AATs/FlowChat.ChatService.AATs.csproj" />
    <Project Path="tests/FlowChat.ChatService.UnitTests/FlowChat.ChatService.UnitTests.csproj" />
  </Folder>
</Solution>
