<Solution>
  <Folder Name="/src/">
    <Project Path="src/FlowChat.SettingsService.API/FlowChat.SettingsService.API.csproj" />
    <Project Path="src/FlowChat.SettingsService.Application/FlowChat.SettingsService.Application.csproj" />
    <Project Path="src/FlowChat.SettingsService.Domain/FlowChat.SettingsService.Domain.csproj" />
    <Project Path="src/FlowChat.SettingsService.Infrastructure/FlowChat.SettingsService.Infrastructure.csproj" />
    <Project Path="src/FlowChat.SettingsService.Persistence/FlowChat.SettingsService.Persistence.csproj" />
  </Folder>
  <Folder Name="/tests/">
    <Project Path="tests/FlowChat.SettingsService.AATs/FlowChat.SettingsService.AATs.csproj" />
    <Project Path="tests/FlowChat.SettingsService.UnitTests/FlowChat.SettingsService.UnitTests.csproj" />
  </Folder>
</Solution>
