<Solution>
  <Folder Name="/src/">
    <Project Path="src/FlowChat.AuthService.API/FlowChat.AuthService.API.csproj" />
    <Project Path="src/FlowChat.AuthService.Application/FlowChat.AuthService.Application.csproj" />
    <Project Path="src/FlowChat.AuthService.Domain/FlowChat.AuthService.Domain.csproj" />
    <Project Path="src/FlowChat.AuthService.Infrastructure/FlowChat.AuthService.Infrastructure.csproj" />
    <Project Path="src/FlowChat.AuthService.Persistence/FlowChat.AuthService.Persistence.csproj" />
  </Folder>
  <Folder Name="/src/Workers/">
    <Project Path="src/Workers/FlowChat.AuthService.Consumers/FlowChat.AuthService.Consumers.csproj" />
    <Project Path="src/Workers/FlowChat.AuthService.OutboxPublisher/FlowChat.AuthService.OutboxPublisher.csproj" />
  </Folder>
  <Folder Name="/tests/">
    <Project Path="tests/FlowChat.AuthService.AATs/FlowChat.AuthService.AATs.csproj" />
    <Project Path="tests/FlowChat.AuthService.IntegrationTests/FlowChat.AuthService.IntegrationTests.csproj" />
    <Project Path="tests/FlowChat.AuthService.UnitTests/FlowChat.AuthService.UnitTests.csproj" />
  </Folder>
  <Project Path="../Common/src/FlowChat.Shared.API/FlowChat.Shared.API.csproj" />
  <Project Path="../Common/src/FlowChat.Shared.Application/FlowChat.Shared.Application.csproj" />
  <Project Path="../Common/src/FlowChat.Shared.Infrastructure/FlowChat.Shared.Infrastructure.csproj" />
</Solution>


